
Microsoft Visual Studio Solution File, Format Version 12.00
# Visual Studio 15
VisualStudioVersion = 15.0.26730.12
MinimumVisualStudioVersion = 10.0.40219.1
Project("{FAE04EC0-301F-11D3-BF4B-00C04F79EFBC}") = "Hackinder", "Hackinder\Hackinder.csproj", "{37C9E606-B2A2-4FFB-9217-B8A369694CE0}"
EndProject
Global
	GlobalSection(SolutionConfigurationPlatforms) = preSolution
		Debug|Any CPU = Debug|Any CPU
		Release|Any CPU = Release|Any CPU
	EndGlobalSection
	GlobalSection(ProjectConfigurationPlatforms) = postSolution
		{37C9E606-B2A2-4FFB-9217-B8A369694CE0}.Debug|Any CPU.ActiveCfg = Debug|Any CPU
		{37C9E606-B2A2-4FFB-9217-B8A369694CE0}.Debug|Any CPU.Build.0 = Debug|Any CPU
		{37C9E606-B2A2-4FFB-9217-B8A369694CE0}.Release|Any CPU.ActiveCfg = Release|Any CPU
		{37C9E606-B2A2-4FFB-9217-B8A369694CE0}.Release|Any CPU.Build.0 = Release|Any CPU
	EndGlobalSection
	GlobalSection(SolutionProperties) = preSolution
		HideSolutionNode = FALSE
	EndGlobalSection
	GlobalSection(ExtensibilityGlobals) = postSolution
		SolutionGuid = {38DA846A-EDB6-418D-88D6-EEB40A47F5B2}
	EndGlobalSection
EndGlobal
